// !$*UTF8*$!
{
	archiveVersion = 1;
	classes = {
	};
	objectVersion = 46;
	objects = {

/* Begin PBXBuildFile section */
		26D3F1FC1BE8244E00121C7F /* AppDelegate.swift in Sources */ = {isa = PBXBuildFile; fileRef = 26D3F1FB1BE8244E00121C7F /* AppDelegate.swift */; };
		26D3F1FE1BE8244E00121C7F /* ViewController.swift in Sources */ = {isa = PBXBuildFile; fileRef = 26D3F1FD1BE8244E00121C7F /* ViewController.swift */; };
		26D3F2011BE8244E00121C7F /* Main.storyboard in Resources */ = {isa = PBXBuildFile; fileRef = 26D3F1FF1BE8244E00121C7F /* Main.storyboard */; };
		26D3F2031BE8244E00121C7F /* Assets.xcassets in Resources */ = {isa = PBXBuildFile; fileRef = 26D3F2021BE8244E00121C7F /* Assets.xcassets */; };
		26D3F2061BE8244E00121C7F /* LaunchScreen.storyboard in Resources */ = {isa = PBXBuildFile; fileRef = 26D3F2041BE8244E00121C7F /* LaunchScreen.storyboard */; };
		26D3F2111BE8244E00121C7F /* HelloWorldTests.swift in Sources */ = {isa = PBXBuildFile; fileRef = 26D3F2101BE8244E00121C7F /* HelloWorldTests.swift */; };
		26D3F21C1BE8244E00121C7F /* HelloWorldUITests.swift in Sources */ = {isa = PBXBuildFile; fileRef = 26D3F21B1BE8244E00121C7F /* HelloWorldUITests.swift */; };
		26D3F26E1BE92FA600121C7F /* AutoLayoutView.swift in Sources */ = {isa = PBXBuildFile; fileRef = 26D3F26D1BE92FA600121C7F /* AutoLayoutView.swift */; settings = {ASSET_TAGS = (); }; };
		26D3F2701BE9308600121C7F /* HelloButton.swift in Sources */ = {isa = PBXBuildFile; fileRef = 26D3F26F1BE9308600121C7F /* HelloButton.swift */; settings = {ASSET_TAGS = (); }; };
/* End PBXBuildFile section */

/* Begin PBXContainerItemProxy section */
		26D3F20D1BE8244E00121C7F /* PBXContainerItemProxy */ = {
			isa = PBXContainerItemProxy;
			containerPortal = 26D3F1F01BE8244E00121C7F /* Project object */;
			proxyType = 1;
			remoteGlobalIDString = 26D3F1F71BE8244E00121C7F;
			remoteInfo = HelloWorld;
		};
		26D3F2181BE8244E00121C7F /* PBXContainerItemProxy */ = {
			isa = PBXContainerItemProxy;
			containerPortal = 26D3F1F01BE8244E00121C7F /* Project object */;
			proxyType = 1;
			remoteGlobalIDString = 26D3F1F71BE8244E00121C7F;
			remoteInfo = HelloWorld;
		};
/* End PBXContainerItemProxy section */

/* Begin PBXFileReference section */
		26D3F1F81BE8244E00121C7F /* HelloWorld.app */ = {isa = PBXFileReference; explicitFileType = wrapper.application; includeInIndex = 0; path = HelloWorld.app; sourceTree = BUILT_PRODUCTS_DIR; };
		26D3F1FB1BE8244E00121C7F /* AppDelegate.swift */ = {isa = PBXFileReference; lastKnownFileType = sourcecode.swift; path = AppDelegate.swift; sourceTree = "<group>"; };
		26D3F1FD1BE8244E00121C7F /* ViewController.swift */ = {isa = PBXFileReference; lastKnownFileType = sourcecode.swift; path = ViewController.swift; sourceTree = "<group>"; };
		26D3F2001BE8244E00121C7F /* Base */ = {isa = PBXFileReference; lastKnownFileType = file.storyboard; name = Base; path = Base.lproj/Main.storyboard; sourceTree = "<group>"; };
		26D3F2021BE8244E00121C7F /* Assets.xcassets */ = {isa = PBXFileReference; lastKnownFileType = folder.assetcatalog; path = Assets.xcassets; sourceTree = "<group>"; };
		26D3F2051BE8244E00121C7F /* Base */ = {isa = PBXFileReference; lastKnownFileType = file.storyboard; name = Base; path = Base.lproj/LaunchScreen.storyboard; sourceTree = "<group>"; };
		26D3F2071BE8244E00121C7F /* Info.plist */ = {isa = PBXFileReference; lastKnownFileType = text.plist.xml; path = Info.plist; sourceTree = "<group>"; };
		26D3F20C1BE8244E00121C7F /* HelloWorldTests.xctest */ = {isa = PBXFileReference; explicitFileType = wrapper.cfbundle; includeInIndex = 0; path = HelloWorldTests.xctest; sourceTree = BUILT_PRODUCTS_DIR; };
		26D3F2101BE8244E00121C7F /* HelloWorldTests.swift */ = {isa = PBXFileReference; lastKnownFileType = sourcecode.swift; path = HelloWorldTests.swift; sourceTree = "<group>"; };
		26D3F2121BE8244E00121C7F /* Info.plist */ = {isa = PBXFileReference; lastKnownFileType = text.plist.xml; path = Info.plist; sourceTree = "<group>"; };
		26D3F2171BE8244E00121C7F /* HelloWorldUITests.xctest */ = {isa = PBXFileReference; explicitFileType = wrapper.cfbundle; includeInIndex = 0; path = HelloWorldUITests.xctest; sourceTree = BUILT_PRODUCTS_DIR; };
		26D3F21B1BE8244E00121C7F /* HelloWorldUITests.swift */ = {isa = PBXFileReference; lastKnownFileType = sourcecode.swift; path = HelloWorldUITests.swift; sourceTree = "<group>"; };
		26D3F21D1BE8244E00121C7F /* Info.plist */ = {isa = PBXFileReference; lastKnownFileType = text.plist.xml; path = Info.plist; sourceTree = "<group>"; };
		26D3F26D1BE92FA600121C7F /* AutoLayoutView.swift */ = {isa = PBXFileReference; fileEncoding = 4; lastKnownFileType = sourcecode.swift; path = AutoLayoutView.swift; sourceTree = "<group>"; };
		26D3F26F1BE9308600121C7F /* HelloButton.swift */ = {isa = PBXFileReference; fileEncoding = 4; lastKnownFileType = sourcecode.swift; path = HelloButton.swift; sourceTree = "<group>"; };
/* End PBXFileReference section */

/* Begin PBXFrameworksBuildPhase section */
		26D3F1F51BE8244E00121C7F /* Frameworks */ = {
			isa = PBXFrameworksBuildPhase;
			buildActionMask = 2147483647;
			files = (
			);
			runOnlyForDeploymentPostprocessing = 0;
		};
		26D3F2091BE8244E00121C7F /* Frameworks */ = {
			isa = PBXFrameworksBuildPhase;
			buildActionMask = 2147483647;
			files = (
			);
			runOnlyForDeploymentPostprocessing = 0;
		};
		26D3F2141BE8244E00121C7F /* Frameworks */ = {
			isa = PBXFrameworksBuildPhase;
			buildActionMask = 2147483647;
			files = (
			);
			runOnlyForDeploymentPostprocessing = 0;
		};
/* End PBXFrameworksBuildPhase section */

/* Begin PBXGroup section */
		26D3F1EF1BE8244E00121C7F = {
			isa = PBXGroup;
			children = (
				26D3F1FA1BE8244E00121C7F /* HelloWorld */,
				26D3F2291BE82DA400121C7F /* Supporting Files */,
				26D3F20F1BE8244E00121C7F /* HelloWorldTests */,
				26D3F21A1BE8244E00121C7F /* HelloWorldUITests */,
				26D3F1F91BE8244E00121C7F /* Products */,
			);
			sourceTree = "<group>";
		};
		26D3F1F91BE8244E00121C7F /* Products */ = {
			isa = PBXGroup;
			children = (
				26D3F1F81BE8244E00121C7F /* HelloWorld.app */,
				26D3F20C1BE8244E00121C7F /* HelloWorldTests.xctest */,
				26D3F2171BE8244E00121C7F /* HelloWorldUITests.xctest */,
			);
			name = Products;
			sourceTree = "<group>";
		};
		26D3F1FA1BE8244E00121C7F /* HelloWorld */ = {
			isa = PBXGroup;
			children = (
				26D3F1FB1BE8244E00121C7F /* AppDelegate.swift */,
				26D3F1FD1BE8244E00121C7F /* ViewController.swift */,
				26D3F26F1BE9308600121C7F /* HelloButton.swift */,
				26D3F26D1BE92FA600121C7F /* AutoLayoutView.swift */,
			);
			path = HelloWorld;
			sourceTree = "<group>";
		};
		26D3F20F1BE8244E00121C7F /* HelloWorldTests */ = {
			isa = PBXGroup;
			children = (
				26D3F2101BE8244E00121C7F /* HelloWorldTests.swift */,
				26D3F2121BE8244E00121C7F /* Info.plist */,
			);
			path = HelloWorldTests;
			sourceTree = "<group>";
		};
		26D3F21A1BE8244E00121C7F /* HelloWorldUITests */ = {
			isa = PBXGroup;
			children = (
				26D3F21B1BE8244E00121C7F /* HelloWorldUITests.swift */,
				26D3F21D1BE8244E00121C7F /* Info.plist */,
			);
			path = HelloWorldUITests;
			sourceTree = "<group>";
		};
		26D3F2291BE82DA400121C7F /* Supporting Files */ = {
			isa = PBXGroup;
			children = (
				26D3F1FF1BE8244E00121C7F /* Main.storyboard */,
				26D3F2021BE8244E00121C7F /* Assets.xcassets */,
				26D3F2041BE8244E00121C7F /* LaunchScreen.storyboard */,
				26D3F2071BE8244E00121C7F /* Info.plist */,
			);
			name = "Supporting Files";
			path = HelloWorld;
			sourceTree = "<group>";
		};
/* End PBXGroup section */

/* Begin PBXNativeTarget section */
		26D3F1F71BE8244E00121C7F /* HelloWorld */ = {
			isa = PBXNativeTarget;
			buildConfigurationList = 26D3F2201BE8244E00121C7F /* Build configuration list for PBXNativeTarget "HelloWorld" */;
			buildPhases = (
				26D3F1F41BE8244E00121C7F /* Sources */,
				26D3F1F51BE8244E00121C7F /* Frameworks */,
				26D3F1F61BE8244E00121C7F /* Resources */,
			);
			buildRules = (
			);
			dependencies = (
			);
			name = HelloWorld;
			productName = HelloWorld;
			productReference = 26D3F1F81BE8244E00121C7F /* HelloWorld.app */;
			productType = "com.apple.product-type.application";
		};
		26D3F20B1BE8244E00121C7F /* HelloWorldTests */ = {
			isa = PBXNativeTarget;
			buildConfigurationList = 26D3F2231BE8244E00121C7F /* Build configuration list for PBXNativeTarget "HelloWorldTests" */;
			buildPhases = (
				26D3F2081BE8244E00121C7F /* Sources */,
				26D3F2091BE8244E00121C7F /* Frameworks */,
				26D3F20A1BE8244E00121C7F /* Resources */,
			);
			buildRules = (
			);
			dependencies = (
				26D3F20E1BE8244E00121C7F /* PBXTargetDependency */,
			);
			name = HelloWorldTests;
			productName = HelloWorldTests;
			productReference = 26D3F20C1BE8244E00121C7F /* HelloWorldTests.xctest */;
			productType = "com.apple.product-type.bundle.unit-test";
		};
		26D3F2161BE8244E00121C7F /* HelloWorldUITests */ = {
			isa = PBXNativeTarget;
			buildConfigurationList = 26D3F2261BE8244E00121C7F /* Build configuration list for PBXNativeTarget "HelloWorldUITests" */;
			buildPhases = (
				26D3F2131BE8244E00121C7F /* Sources */,
				26D3F2141BE8244E00121C7F /* Frameworks */,
				26D3F2151BE8244E00121C7F /* Resources */,
			);
			buildRules = (
			);
			dependencies = (
				26D3F2191BE8244E00121C7F /* PBXTargetDependency */,
			);
			name = HelloWorldUITests;
			productName = HelloWorldUITests;
			productReference = 26D3F2171BE8244E00121C7F /* HelloWorldUITests.xctest */;
			productType = "com.apple.product-type.bundle.ui-testing";
		};
/* End PBXNativeTarget section */

/* Begin PBXProject section */
		26D3F1F01BE8244E00121C7F /* Project object */ = {
			isa = PBXProject;
			attributes = {
				LastUpgradeCheck = 0700;
				ORGANIZATIONNAME = KaL;
				TargetAttributes = {
					26D3F1F71BE8244E00121C7F = {
						CreatedOnToolsVersion = 7.0.1;
					};
					26D3F20B1BE8244E00121C7F = {
						CreatedOnToolsVersion = 7.0.1;
						TestTargetID = 26D3F1F71BE8244E00121C7F;
					};
					26D3F2161BE8244E00121C7F = {
						CreatedOnToolsVersion = 7.0.1;
						TestTargetID = 26D3F1F71BE8244E00121C7F;
					};
				};
			};
			buildConfigurationList = 26D3F1F31BE8244E00121C7F /* Build configuration list for PBXProject "HelloWorld" */;
			compatibilityVersion = "Xcode 3.2";
			developmentRegion = English;
			hasScannedForEncodings = 0;
			knownRegions = (
				en,
				Base,
			);
			mainGroup = 26D3F1EF1BE8244E00121C7F;
			productRefGroup = 26D3F1F91BE8244E00121C7F /* Products */;
			projectDirPath = "";
			projectRoot = "";
			targets = (
				26D3F1F71BE8244E00121C7F /* HelloWorld */,
				26D3F20B1BE8244E00121C7F /* HelloWorldTests */,
				26D3F2161BE8244E00121C7F /* HelloWorldUITests */,
			);
		};
/* End PBXProject section */

/* Begin PBXResourcesBuildPhase section */
		26D3F1F61BE8244E00121C7F /* Resources */ = {
			isa = PBXResourcesBuildPhase;
			buildActionMask = 2147483647;
			files = (
				26D3F2061BE8244E00121C7F /* LaunchScreen.storyboard in Resources */,
				26D3F2031BE8244E00121C7F /* Assets.xcassets in Resources */,
				26D3F2011BE8244E00121C7F /* Main.storyboard in Resources */,
			);
			runOnlyForDeploymentPostprocessing = 0;
		};
		26D3F20A1BE8244E00121C7F /* Resources */ = {
			isa = PBXResourcesBuildPhase;
			buildActionMask = 2147483647;
			files = (
			);
			runOnlyForDeploymentPostprocessing = 0;
		};
		26D3F2151BE8244E00121C7F /* Resources */ = {
			isa = PBXResourcesBuildPhase;
			buildActionMask = 2147483647;
			files = (
			);
			runOnlyForDeploymentPostprocessing = 0;
		};
/* End PBXResourcesBuildPhase section */

/* Begin PBXSourcesBuildPhase section */
		26D3F1F41BE8244E00121C7F /* Sources */ = {
			isa = PBXSourcesBuildPhase;
			buildActionMask = 2147483647;
			files = (
				26D3F2701BE9308600121C7F /* HelloButton.swift in Sources */,
				26D3F1FE1BE8244E00121C7F /* ViewController.swift in Sources */,
				26D3F1FC1BE8244E00121C7F /* AppDelegate.swift in Sources */,
				26D3F26E1BE92FA600121C7F /* AutoLayoutView.swift in Sources */,
			);
			runOnlyForDeploymentPostprocessing = 0;
		};
		26D3F2081BE8244E00121C7F /* Sources */ = {
			isa = PBXSourcesBuildPhase;
			buildActionMask = 2147483647;
			files = (
				26D3F2111BE8244E00121C7F /* HelloWorldTests.swift in Sources */,
			);
			runOnlyForDeploymentPostprocessing = 0;
		};
		26D3F2131BE8244E00121C7F /* Sources */ = {
			isa = PBXSourcesBuildPhase;
			buildActionMask = 2147483647;
			files = (
				26D3F21C1BE8244E00121C7F /* HelloWorldUITests.swift in Sources */,
			);
			runOnlyForDeploymentPostprocessing = 0;
		};
/* End PBXSourcesBuildPhase section */

/* Begin PBXTargetDependency section */
		26D3F20E1BE8244E00121C7F /* PBXTargetDependency */ = {
			isa = PBXTargetDependency;
			target = 26D3F1F71BE8244E00121C7F /* HelloWorld */;
			targetProxy = 26D3F20D1BE8244E00121C7F /* PBXContainerItemProxy */;
		};
		26D3F2191BE8244E00121C7F /* PBXTargetDependency */ = {
			isa = PBXTargetDependency;
			target = 26D3F1F71BE8244E00121C7F /* HelloWorld */;
			targetProxy = 26D3F2181BE8244E00121C7F /* PBXContainerItemProxy */;
		};
/* End PBXTargetDependency section */

/* Begin PBXVariantGroup section */
		26D3F1FF1BE8244E00121C7F /* Main.storyboard */ = {
			isa = PBXVariantGroup;
			children = (
				26D3F2001BE8244E00121C7F /* Base */,
			);
			name = Main.storyboard;
			sourceTree = "<group>";
		};
		26D3F2041BE8244E00121C7F /* LaunchScreen.storyboard */ = {
			isa = PBXVariantGroup;
			children = (
				26D3F2051BE8244E00121C7F /* Base */,
			);
			name = LaunchScreen.storyboard;
			sourceTree = "<group>";
		};
/* End PBXVariantGroup section */

/* Begin XCBuildConfiguration section */
		26D3F21E1BE8244E00121C7F /* Debug */ = {
			isa = XCBuildConfiguration;
			buildSettings = {
				ALWAYS_SEARCH_USER_PATHS = NO;
				CLANG_CXX_LANGUAGE_STANDARD = "gnu++0x";
				CLANG_CXX_LIBRARY = "libc++";
				CLANG_ENABLE_MODULES = YES;
				CLANG_ENABLE_OBJC_ARC = YES;
				CLANG_WARN_BOOL_CONVERSION = YES;
				CLANG_WARN_CONSTANT_CONVERSION = YES;
				CLANG_WARN_DIRECT_OBJC_ISA_USAGE = YES_ERROR;
				CLANG_WARN_EMPTY_BODY = YES;
				CLANG_WARN_ENUM_CONVERSION = YES;
				CLANG_WARN_INT_CONVERSION = YES;
				CLANG_WARN_OBJC_ROOT_CLASS = YES_ERROR;
				CLANG_WARN_UNREACHABLE_CODE = YES;
				CLANG_WARN__DUPLICATE_METHOD_MATCH = YES;
				"CODE_SIGN_IDENTITY[sdk=iphoneos*]" = "iPhone Developer";
				COPY_PHASE_STRIP = NO;
				DEBUG_INFORMATION_FORMAT = dwarf;
				ENABLE_STRICT_OBJC_MSGSEND = YES;
				ENABLE_TESTABILITY = YES;
				GCC_C_LANGUAGE_STANDARD = gnu99;
				GCC_DYNAMIC_NO_PIC = NO;
				GCC_NO_COMMON_BLOCKS = YES;
				GCC_OPTIMIZATION_LEVEL = 0;
				GCC_PREPROCESSOR_DEFINITIONS = (
					"DEBUG=1",
					"$(inherited)",
				);
				GCC_WARN_64_TO_32_BIT_CONVERSION = YES;
				GCC_WARN_ABOUT_RETURN_TYPE = YES_ERROR;
				GCC_WARN_UNDECLARED_SELECTOR = YES;
				GCC_WARN_UNINITIALIZED_AUTOS = YES_AGGRESSIVE;
				GCC_WARN_UNUSED_FUNCTION = YES;
				GCC_WARN_UNUSED_VARIABLE = YES;
				IPHONEOS_DEPLOYMENT_TARGET = 9.0;
				MTL_ENABLE_DEBUG_INFO = YES;
				ONLY_ACTIVE_ARCH = YES;
				SDKROOT = iphoneos;
				SWIFT_OPTIMIZATION_LEVEL = "-Onone";
				TARGETED_DEVICE_FAMILY = "1,2";
			};
			name = Debug;
		};
		26D3F21F1BE8244E00121C7F /* Release */ = {
			isa = XCBuildConfiguration;
			buildSettings = {
				ALWAYS_SEARCH_USER_PATHS = NO;
				CLANG_CXX_LANGUAGE_STANDARD = "gnu++0x";
				CLANG_CXX_LIBRARY = "libc++";
				CLANG_ENABLE_MODULES = YES;
				CLANG_ENABLE_OBJC_ARC = YES;
				CLANG_WARN_BOOL_CONVERSION = YES;
				CLANG_WARN_CONSTANT_CONVERSION = YES;
				CLANG_WARN_DIRECT_OBJC_ISA_USAGE = YES_ERROR;
				CLANG_WARN_EMPTY_BODY = YES;
				CLANG_WARN_ENUM_CONVERSION = YES;
				CLANG_WARN_INT_CONVERSION = YES;
				CLANG_WARN_OBJC_ROOT_CLASS = YES_ERROR;
				CLANG_WARN_UNREACHABLE_CODE = YES;
				CLANG_WARN__DUPLICATE_METHOD_MATCH = YES;
				"CODE_SIGN_IDENTITY[sdk=iphoneos*]" = "iPhone Developer";
				COPY_PHASE_STRIP = NO;
				DEBUG_INFORMATION_FORMAT = "dwarf-with-dsym";
				ENABLE_NS_ASSERTIONS = NO;
				ENABLE_STRICT_OBJC_MSGSEND = YES;
				GCC_C_LANGUAGE_STANDARD = gnu99;
				GCC_NO_COMMON_BLOCKS = YES;
				GCC_WARN_64_TO_32_BIT_CONVERSION = YES;
				GCC_WARN_ABOUT_RETURN_TYPE = YES_ERROR;
				GCC_WARN_UNDECLARED_SELECTOR = YES;
				GCC_WARN_UNINITIALIZED_AUTOS = YES_AGGRESSIVE;
				GCC_WARN_UNUSED_FUNCTION = YES;
				GCC_WARN_UNUSED_VARIABLE = YES;
				IPHONEOS_DEPLOYMENT_TARGET = 9.0;
				MTL_ENABLE_DEBUG_INFO = NO;
				SDKROOT = iphoneos;
				TARGETED_DEVICE_FAMILY = "1,2";
				VALIDATE_PRODUCT = YES;
			};
			name = Release;
		};
		26D3F2211BE8244E00121C7F /* Debug */ = {
			isa = XCBuildConfiguration;
			buildSettings = {
				ASSETCATALOG_COMPILER_APPICON_NAME = AppIcon;
				INFOPLIST_FILE = HelloWorld/Info.plist;
				LD_RUNPATH_SEARCH_PATHS = "$(inherited) @executable_path/Frameworks";
				PRODUCT_BUNDLE_IDENTIFIER = KaL.HelloWorld;
				PRODUCT_NAME = "$(TARGET_NAME)";
			};
			name = Debug;
		};
		26D3F2221BE8244E00121C7F /* Release */ = {
			isa = XCBuildConfiguration;
			buildSettings = {
				ASSETCATALOG_COMPILER_APPICON_NAME = AppIcon;
				INFOPLIST_FILE = HelloWorld/Info.plist;
				LD_RUNPATH_SEARCH_PATHS = "$(inherited) @executable_path/Frameworks";
				PRODUCT_BUNDLE_IDENTIFIER = KaL.HelloWorld;
				PRODUCT_NAME = "$(TARGET_NAME)";
			};
			name = Release;
		};
		26D3F2241BE8244E00121C7F /* Debug */ = {
			isa = XCBuildConfiguration;
			buildSettings = {
				BUNDLE_LOADER = "$(TEST_HOST)";
				INFOPLIST_FILE = HelloWorldTests/Info.plist;
				LD_RUNPATH_SEARCH_PATHS = "$(inherited) @executable_path/Frameworks @loader_path/Frameworks";
				PRODUCT_BUNDLE_IDENTIFIER = KaL.HelloWorldTests;
				PRODUCT_NAME = "$(TARGET_NAME)";
				TEST_HOST = "$(BUILT_PRODUCTS_DIR)/HelloWorld.app/HelloWorld";
			};
			name = Debug;
		};
		26D3F2251BE8244E00121C7F /* Release */ = {
			isa = XCBuildConfiguration;
			buildSettings = {
				BUNDLE_LOADER = "$(TEST_HOST)";
				INFOPLIST_FILE = HelloWorldTests/Info.plist;
				LD_RUNPATH_SEARCH_PATHS = "$(inherited) @executable_path/Frameworks @loader_path/Frameworks";
				PRODUCT_BUNDLE_IDENTIFIER = KaL.HelloWorldTests;
				PRODUCT_NAME = "$(TARGET_NAME)";
				TEST_HOST = "$(BUILT_PRODUCTS_DIR)/HelloWorld.app/HelloWorld";
			};
			name = Release;
		};
		26D3F2271BE8244E00121C7F /* Debug */ = {
			isa = XCBuildConfiguration;
			buildSettings = {
				INFOPLIST_FILE = HelloWorldUITests/Info.plist;
				LD_RUNPATH_SEARCH_PATHS = "$(inherited) @executable_path/Frameworks @loader_path/Frameworks";
				PRODUCT_BUNDLE_IDENTIFIER = KaL.HelloWorldUITests;
				PRODUCT_NAME = "$(TARGET_NAME)";
				TEST_TARGET_NAME = HelloWorld;
				USES_XCTRUNNER = YES;
			};
			name = Debug;
		};
		26D3F2281BE8244E00121C7F /* Release */ = {
			isa = XCBuildConfiguration;
			buildSettings = {
				INFOPLIST_FILE = HelloWorldUITests/Info.plist;
				LD_RUNPATH_SEARCH_PATHS = "$(inherited) @executable_path/Frameworks @loader_path/Frameworks";
				PRODUCT_BUNDLE_IDENTIFIER = KaL.HelloWorldUITests;
				PRODUCT_NAME = "$(TARGET_NAME)";
				TEST_TARGET_NAME = HelloWorld;
				USES_XCTRUNNER = YES;
			};
			name = Release;
		};
/* End XCBuildConfiguration section */

/* Begin XCConfigurationList section */
		26D3F1F31BE8244E00121C7F /* Build configuration list for PBXProject "HelloWorld" */ = {
			isa = XCConfigurationList;
			buildConfigurations = (
				26D3F21E1BE8244E00121C7F /* Debug */,
				26D3F21F1BE8244E00121C7F /* Release */,
			);
			defaultConfigurationIsVisible = 0;
			defaultConfigurationName = Release;
		};
		26D3F2201BE8244E00121C7F /* Build configuration list for PBXNativeTarget "HelloWorld" */ = {
			isa = XCConfigurationList;
			buildConfigurations = (
				26D3F2211BE8244E00121C7F /* Debug */,
				26D3F2221BE8244E00121C7F /* Release */,
			);
			defaultConfigurationIsVisible = 0;
		};
		26D3F2231BE8244E00121C7F /* Build configuration list for PBXNativeTarget "HelloWorldTests" */ = {
			isa = XCConfigurationList;
			buildConfigurations = (
				26D3F2241BE8244E00121C7F /* Debug */,
				26D3F2251BE8244E00121C7F /* Release */,
			);
			defaultConfigurationIsVisible = 0;
		};
		26D3F2261BE8244E00121C7F /* Build configuration list for PBXNativeTarget "HelloWorldUITests" */ = {
			isa = XCConfigurationList;
			buildConfigurations = (
				26D3F2271BE8244E00121C7F /* Debug */,
				26D3F2281BE8244E00121C7F /* Release */,
			);
			defaultConfigurationIsVisible = 0;
		};
/* End XCConfigurationList section */
	};
	rootObject = 26D3F1F01BE8244E00121C7F /* Project object */;
}
